
Microsoft Visual Studio Solution File, Format Version 12.00
# Visual Studio Version 16
VisualStudioVersion = 16.0.31624.102
MinimumVisualStudioVersion = 10.0.40219.1
Project("{FAE04EC0-301F-11D3-BF4B-00C04F79EFBC}") = "soft", "soft\soft.csproj", "{325E4939-D183-418A-9225-B972D66C1A70}"
EndProject
Project("{FAE04EC0-301F-11D3-BF4B-00C04F79EFBC}") = "Domain", "Domain\Domain.csproj", "{F4D9B97A-2563-45D6-AC36-32E73886895D}"
EndProject
Project("{FAE04EC0-301F-11D3-BF4B-00C04F79EFBC}") = "Data", "Data\Data.csproj", "{068D5E69-F7FB-4873-80B6-7EEC82EB3992}"
EndProject
Global
	GlobalSection(SolutionConfigurationPlatforms) = preSolution
		Debug|Any CPU = Debug|Any CPU
		Release|Any CPU = Release|Any CPU
	EndGlobalSection
	GlobalSection(ProjectConfigurationPlatforms) = postSolution
		{325E4939-D183-418A-9225-B972D66C1A70}.Debug|Any CPU.ActiveCfg = Debug|Any CPU
		{325E4939-D183-418A-9225-B972D66C1A70}.Debug|Any CPU.Build.0 = Debug|Any CPU
		{325E4939-D183-418A-9225-B972D66C1A70}.Release|Any CPU.ActiveCfg = Release|Any CPU
		{325E4939-D183-418A-9225-B972D66C1A70}.Release|Any CPU.Build.0 = Release|Any CPU
		{F4D9B97A-2563-45D6-AC36-32E73886895D}.Debug|Any CPU.ActiveCfg = Debug|Any CPU
		{F4D9B97A-2563-45D6-AC36-32E73886895D}.Debug|Any CPU.Build.0 = Debug|Any CPU
		{F4D9B97A-2563-45D6-AC36-32E73886895D}.Release|Any CPU.ActiveCfg = Release|Any CPU
		{F4D9B97A-2563-45D6-AC36-32E73886895D}.Release|Any CPU.Build.0 = Release|Any CPU
		{068D5E69-F7FB-4873-80B6-7EEC82EB3992}.Debug|Any CPU.ActiveCfg = Debug|Any CPU
		{068D5E69-F7FB-4873-80B6-7EEC82EB3992}.Debug|Any CPU.Build.0 = Debug|Any CPU
		{068D5E69-F7FB-4873-80B6-7EEC82EB3992}.Release|Any CPU.ActiveCfg = Release|Any CPU
		{068D5E69-F7FB-4873-80B6-7EEC82EB3992}.Release|Any CPU.Build.0 = Release|Any CPU
	EndGlobalSection
	GlobalSection(SolutionProperties) = preSolution
		HideSolutionNode = FALSE
	EndGlobalSection
	GlobalSection(ExtensibilityGlobals) = postSolution
		SolutionGuid = {BCF7F790-C4C4-4DC3-9013-3080EA5AE7D1}
	EndGlobalSection
EndGlobal
